
Microsoft Visual Studio Solution File, Format Version 12.00
# Visual Studio 15
VisualStudioVersion = 15.0.28307.489
MinimumVisualStudioVersion = 10.0.40219.1
Project("{9A19103F-16F7-4668-BE54-9A1E7A4F7556}") = "P01_HarvestingFields", "P01_HarvestingFields\P01_HarvestingFields.csproj", "{FE5C5531-CCB8-46AB-82F9-E49C6F80DE4F}"
EndProject
Project("{9A19103F-16F7-4668-BE54-9A1E7A4F7556}") = "P02_BlackBoxInteger", "P02_BlackBoxInteger\P02_BlackBoxInteger.csproj", "{2E79AB49-00CC-4C00-85FD-9A3B8A358D3D}"
EndProject
Project("{9A19103F-16F7-4668-BE54-9A1E7A4F7556}") = "P03_BarraksWars", "P03_BarraksWars\P03_BarraksWars.csproj", "{528E40E4-8FD8-45C2-BA1A-7789A603BFBB}"
EndProject
Global
	GlobalSection(SolutionConfigurationPlatforms) = preSolution
		Debug|Any CPU = Debug|Any CPU
		Release|Any CPU = Release|Any CPU
	EndGlobalSection
	GlobalSection(ProjectConfigurationPlatforms) = postSolution
		{FE5C5531-CCB8-46AB-82F9-E49C6F80DE4F}.Debug|Any CPU.ActiveCfg = Debug|Any CPU
		{FE5C5531-CCB8-46AB-82F9-E49C6F80DE4F}.Debug|Any CPU.Build.0 = Debug|Any CPU
		{FE5C5531-CCB8-46AB-82F9-E49C6F80DE4F}.Release|Any CPU.ActiveCfg = Release|Any CPU
		{FE5C5531-CCB8-46AB-82F9-E49C6F80DE4F}.Release|Any CPU.Build.0 = Release|Any CPU
		{2E79AB49-00CC-4C00-85FD-9A3B8A358D3D}.Debug|Any CPU.ActiveCfg = Debug|Any CPU
		{2E79AB49-00CC-4C00-85FD-9A3B8A358D3D}.Debug|Any CPU.Build.0 = Debug|Any CPU
		{2E79AB49-00CC-4C00-85FD-9A3B8A358D3D}.Release|Any CPU.ActiveCfg = Release|Any CPU
		{2E79AB49-00CC-4C00-85FD-9A3B8A358D3D}.Release|Any CPU.Build.0 = Release|Any CPU
		{528E40E4-8FD8-45C2-BA1A-7789A603BFBB}.Debug|Any CPU.ActiveCfg = Debug|Any CPU
		{528E40E4-8FD8-45C2-BA1A-7789A603BFBB}.Debug|Any CPU.Build.0 = Debug|Any CPU
		{528E40E4-8FD8-45C2-BA1A-7789A603BFBB}.Release|Any CPU.ActiveCfg = Release|Any CPU
		{528E40E4-8FD8-45C2-BA1A-7789A603BFBB}.Release|Any CPU.Build.0 = Release|Any CPU
	EndGlobalSection
	GlobalSection(SolutionProperties) = preSolution
		HideSolutionNode = FALSE
	EndGlobalSection
	GlobalSection(ExtensibilityGlobals) = postSolution
		SolutionGuid = {1DBFDB00-3E8E-4DC8-81FF-E35ECF0BF26F}
	EndGlobalSection
EndGlobal
