
Microsoft Visual Studio Solution File, Format Version 12.00
# Visual Studio 15
VisualStudioVersion = 15.0.28307.168
MinimumVisualStudioVersion = 10.0.40219.1
Project("{2150E333-8FDC-42A3-9474-1A3956D46DE8}") = "Labs", "Labs", "{1EF8CC38-22A1-4A29-97B1-CDC104C085F0}"
EndProject
Project("{2150E333-8FDC-42A3-9474-1A3956D46DE8}") = "Exercises", "Exercises", "{0FBDF06B-F0D4-4A5C-AF5F-3026DD12AE38}"
EndProject
Project("{9A19103F-16F7-4668-BE54-9A1E7A4F7556}") = "L02_Sum_Matrix_Columns", "L02_Sum_Matrix_Columns\L02_Sum_Matrix_Columns.csproj", "{DD541C53-4E2D-4122-876E-11ECC11B0F45}"
EndProject
Project("{9A19103F-16F7-4668-BE54-9A1E7A4F7556}") = "L03_Primary_Diagonal", "L03_Primary_Diagonal\L03_Primary_Diagonal.csproj", "{180F4F38-2B2E-4FB3-BDA7-6D7D45A88ED1}"
EndProject
Project("{9A19103F-16F7-4668-BE54-9A1E7A4F7556}") = "L04_Symbol_In_Matrix", "L04_Symbol_In_Matrix\L04_Symbol_In_Matrix.csproj", "{CC44EB9A-F69B-44F1-A960-1EB4C5D7379B}"
EndProject
Project("{9A19103F-16F7-4668-BE54-9A1E7A4F7556}") = "L06_Jagged_Array_Modification", "L06_Jagged_Array_Modification\L06_Jagged_Array_Modification.csproj", "{ACDCC82B-5F00-42C1-9969-00F8E160ADCC}"
EndProject
Project("{FAE04EC0-301F-11D3-BF4B-00C04F79EFBC}") = "L01_Sum_Matrix_Elements", "L01_Sum_Matrix_Elements\L01_Sum_Matrix_Elements.csproj", "{43C111B7-9534-4F13-A802-0F1256664035}"
EndProject
Project("{FAE04EC0-301F-11D3-BF4B-00C04F79EFBC}") = "L05_Square_With_Max_Sum", "L05_Square_With_Max_Sum\L05_Square_With_Max_Sum.csproj", "{43037709-B8BF-497C-BC15-704B1F310019}"
EndProject
Project("{FAE04EC0-301F-11D3-BF4B-00C04F79EFBC}") = "L07_Group_Numbers", "L07_Group_Numbers\L07_Group_Numbers.csproj", "{8734F5CD-1734-447D-9E20-478F4A65D068}"
EndProject
Project("{FAE04EC0-301F-11D3-BF4B-00C04F79EFBC}") = "L08_Pascal_Triangle", "L08_Pascal_Triangle\L08_Pascal_Triangle.csproj", "{712D62F8-6813-4B1E-9B28-7B253B9B3591}"
EndProject
Global
	GlobalSection(SolutionConfigurationPlatforms) = preSolution
		Debug|Any CPU = Debug|Any CPU
		Release|Any CPU = Release|Any CPU
	EndGlobalSection
	GlobalSection(ProjectConfigurationPlatforms) = postSolution
		{DD541C53-4E2D-4122-876E-11ECC11B0F45}.Debug|Any CPU.ActiveCfg = Debug|Any CPU
		{DD541C53-4E2D-4122-876E-11ECC11B0F45}.Debug|Any CPU.Build.0 = Debug|Any CPU
		{DD541C53-4E2D-4122-876E-11ECC11B0F45}.Release|Any CPU.ActiveCfg = Release|Any CPU
		{DD541C53-4E2D-4122-876E-11ECC11B0F45}.Release|Any CPU.Build.0 = Release|Any CPU
		{180F4F38-2B2E-4FB3-BDA7-6D7D45A88ED1}.Debug|Any CPU.ActiveCfg = Debug|Any CPU
		{180F4F38-2B2E-4FB3-BDA7-6D7D45A88ED1}.Debug|Any CPU.Build.0 = Debug|Any CPU
		{180F4F38-2B2E-4FB3-BDA7-6D7D45A88ED1}.Release|Any CPU.ActiveCfg = Release|Any CPU
		{180F4F38-2B2E-4FB3-BDA7-6D7D45A88ED1}.Release|Any CPU.Build.0 = Release|Any CPU
		{CC44EB9A-F69B-44F1-A960-1EB4C5D7379B}.Debug|Any CPU.ActiveCfg = Debug|Any CPU
		{CC44EB9A-F69B-44F1-A960-1EB4C5D7379B}.Debug|Any CPU.Build.0 = Debug|Any CPU
		{CC44EB9A-F69B-44F1-A960-1EB4C5D7379B}.Release|Any CPU.ActiveCfg = Release|Any CPU
		{CC44EB9A-F69B-44F1-A960-1EB4C5D7379B}.Release|Any CPU.Build.0 = Release|Any CPU
		{ACDCC82B-5F00-42C1-9969-00F8E160ADCC}.Debug|Any CPU.ActiveCfg = Debug|Any CPU
		{ACDCC82B-5F00-42C1-9969-00F8E160ADCC}.Debug|Any CPU.Build.0 = Debug|Any CPU
		{ACDCC82B-5F00-42C1-9969-00F8E160ADCC}.Release|Any CPU.ActiveCfg = Release|Any CPU
		{ACDCC82B-5F00-42C1-9969-00F8E160ADCC}.Release|Any CPU.Build.0 = Release|Any CPU
		{43C111B7-9534-4F13-A802-0F1256664035}.Debug|Any CPU.ActiveCfg = Debug|Any CPU
		{43C111B7-9534-4F13-A802-0F1256664035}.Debug|Any CPU.Build.0 = Debug|Any CPU
		{43C111B7-9534-4F13-A802-0F1256664035}.Release|Any CPU.ActiveCfg = Release|Any CPU
		{43C111B7-9534-4F13-A802-0F1256664035}.Release|Any CPU.Build.0 = Release|Any CPU
		{43037709-B8BF-497C-BC15-704B1F310019}.Debug|Any CPU.ActiveCfg = Debug|Any CPU
		{43037709-B8BF-497C-BC15-704B1F310019}.Debug|Any CPU.Build.0 = Debug|Any CPU
		{43037709-B8BF-497C-BC15-704B1F310019}.Release|Any CPU.ActiveCfg = Release|Any CPU
		{43037709-B8BF-497C-BC15-704B1F310019}.Release|Any CPU.Build.0 = Release|Any CPU
		{8734F5CD-1734-447D-9E20-478F4A65D068}.Debug|Any CPU.ActiveCfg = Debug|Any CPU
		{8734F5CD-1734-447D-9E20-478F4A65D068}.Debug|Any CPU.Build.0 = Debug|Any CPU
		{8734F5CD-1734-447D-9E20-478F4A65D068}.Release|Any CPU.ActiveCfg = Release|Any CPU
		{8734F5CD-1734-447D-9E20-478F4A65D068}.Release|Any CPU.Build.0 = Release|Any CPU
		{712D62F8-6813-4B1E-9B28-7B253B9B3591}.Debug|Any CPU.ActiveCfg = Debug|Any CPU
		{712D62F8-6813-4B1E-9B28-7B253B9B3591}.Debug|Any CPU.Build.0 = Debug|Any CPU
		{712D62F8-6813-4B1E-9B28-7B253B9B3591}.Release|Any CPU.ActiveCfg = Release|Any CPU
		{712D62F8-6813-4B1E-9B28-7B253B9B3591}.Release|Any CPU.Build.0 = Release|Any CPU
	EndGlobalSection
	GlobalSection(SolutionProperties) = preSolution
		HideSolutionNode = FALSE
	EndGlobalSection
	GlobalSection(NestedProjects) = preSolution
		{DD541C53-4E2D-4122-876E-11ECC11B0F45} = {1EF8CC38-22A1-4A29-97B1-CDC104C085F0}
		{180F4F38-2B2E-4FB3-BDA7-6D7D45A88ED1} = {1EF8CC38-22A1-4A29-97B1-CDC104C085F0}
		{CC44EB9A-F69B-44F1-A960-1EB4C5D7379B} = {1EF8CC38-22A1-4A29-97B1-CDC104C085F0}
		{ACDCC82B-5F00-42C1-9969-00F8E160ADCC} = {1EF8CC38-22A1-4A29-97B1-CDC104C085F0}
		{43C111B7-9534-4F13-A802-0F1256664035} = {1EF8CC38-22A1-4A29-97B1-CDC104C085F0}
		{43037709-B8BF-497C-BC15-704B1F310019} = {1EF8CC38-22A1-4A29-97B1-CDC104C085F0}
		{8734F5CD-1734-447D-9E20-478F4A65D068} = {1EF8CC38-22A1-4A29-97B1-CDC104C085F0}
		{712D62F8-6813-4B1E-9B28-7B253B9B3591} = {1EF8CC38-22A1-4A29-97B1-CDC104C085F0}
	EndGlobalSection
	GlobalSection(ExtensibilityGlobals) = postSolution
		SolutionGuid = {AB41491B-9CD7-426D-8DB4-EAD7388A443B}
	EndGlobalSection
EndGlobal
