
Microsoft Visual Studio Solution File, Format Version 12.00
# Visual Studio Version 16
VisualStudioVersion = 16.0.28803.352
MinimumVisualStudioVersion = 10.0.40219.1
Project("{FAE04EC0-301F-11D3-BF4B-00C04F79EFBC}") = "P01_Chronometer", "P01_Chronometer\P01_Chronometer.csproj", "{BD1E4EC5-C8B9-4C90-AD27-37FF559D0D94}"
EndProject
Project("{FAE04EC0-301F-11D3-BF4B-00C04F79EFBC}") = "P02_Parallel_MergeSort", "P02_Parallel_MergeSort\P02_Parallel_MergeSort.csproj", "{4BB0AE17-BE81-4777-A078-0ED9FB799386}"
EndProject
Global
	GlobalSection(SolutionConfigurationPlatforms) = preSolution
		Debug|Any CPU = Debug|Any CPU
		Release|Any CPU = Release|Any CPU
	EndGlobalSection
	GlobalSection(ProjectConfigurationPlatforms) = postSolution
		{BD1E4EC5-C8B9-4C90-AD27-37FF559D0D94}.Debug|Any CPU.ActiveCfg = Debug|Any CPU
		{BD1E4EC5-C8B9-4C90-AD27-37FF559D0D94}.Debug|Any CPU.Build.0 = Debug|Any CPU
		{BD1E4EC5-C8B9-4C90-AD27-37FF559D0D94}.Release|Any CPU.ActiveCfg = Release|Any CPU
		{BD1E4EC5-C8B9-4C90-AD27-37FF559D0D94}.Release|Any CPU.Build.0 = Release|Any CPU
		{4BB0AE17-BE81-4777-A078-0ED9FB799386}.Debug|Any CPU.ActiveCfg = Debug|Any CPU
		{4BB0AE17-BE81-4777-A078-0ED9FB799386}.Debug|Any CPU.Build.0 = Debug|Any CPU
		{4BB0AE17-BE81-4777-A078-0ED9FB799386}.Release|Any CPU.ActiveCfg = Release|Any CPU
		{4BB0AE17-BE81-4777-A078-0ED9FB799386}.Release|Any CPU.Build.0 = Release|Any CPU
	EndGlobalSection
	GlobalSection(SolutionProperties) = preSolution
		HideSolutionNode = FALSE
	EndGlobalSection
	GlobalSection(ExtensibilityGlobals) = postSolution
		SolutionGuid = {33D41B8B-7EB2-4C44-999F-73F80BB2C9A8}
	EndGlobalSection
EndGlobal
