
Microsoft Visual Studio Solution File, Format Version 12.00
# Visual Studio 15
VisualStudioVersion = 15.0.28307.168
MinimumVisualStudioVersion = 10.0.40219.1
Project("{2150E333-8FDC-42A3-9474-1A3956D46DE8}") = "Labs", "Labs", "{A62E3717-6358-4E18-823E-9B4F2E7A2351}"
EndProject
Project("{2150E333-8FDC-42A3-9474-1A3956D46DE8}") = "Exercises", "Exercises", "{C6025511-AE30-43F3-B186-3D6679A85671}"
EndProject
Project("{9A19103F-16F7-4668-BE54-9A1E7A4F7556}") = "L01_Reverse_Strings", "L01_Reverse_Strings\L01_Reverse_Strings.csproj", "{39D3EAAF-D7CF-48C2-A29F-56B05679518D}"
EndProject
Project("{9A19103F-16F7-4668-BE54-9A1E7A4F7556}") = "L02_SImple_Calculator", "L02_SImple_Calculator\L02_SImple_Calculator.csproj", "{F2AD1DE5-449A-46CC-92CB-D3A78855184A}"
EndProject
Project("{9A19103F-16F7-4668-BE54-9A1E7A4F7556}") = "L03_Decimal_To_Binary", "L03_Decimal_To_Binary\L03_Decimal_To_Binary.csproj", "{F915B83E-C4A6-4713-9E6A-1FD83BFD0A94}"
EndProject
Project("{9A19103F-16F7-4668-BE54-9A1E7A4F7556}") = "L04_Matching_Brackets", "L04_Matching_Brackets\L04_Matching_Brackets.csproj", "{A24A3320-2576-4FD7-BF28-799FEDBF209E}"
EndProject
Project("{FAE04EC0-301F-11D3-BF4B-00C04F79EFBC}") = "L05_Hot_Potato", "L05_Hot_Potato\L05_Hot_Potato.csproj", "{00973F73-C07F-4823-A324-4C8645E83D3D}"
EndProject
Project("{FAE04EC0-301F-11D3-BF4B-00C04F79EFBC}") = "L06_Traffic_Light", "L06_Traffic_Light\L06_Traffic_Light.csproj", "{EB377138-DE3E-490C-8E9D-C59870CD3A36}"
EndProject
Project("{FAE04EC0-301F-11D3-BF4B-00C04F79EFBC}") = "P01_Reverse_number", "P01_Reverse_number\P01_Reverse_number.csproj", "{43D6AA8A-914F-4A3D-9948-98C6E7158723}"
EndProject
Project("{FAE04EC0-301F-11D3-BF4B-00C04F79EFBC}") = "P02_Basic_Stack_Operations", "P02_Basic_Stack_Operations\P02_Basic_Stack_Operations.csproj", "{7BFC3ABD-92BA-473D-BE7B-386BFDA00F57}"
EndProject
Project("{FAE04EC0-301F-11D3-BF4B-00C04F79EFBC}") = "P03_Maximum_Elements", "P03_Maximum_Elements\P03_Maximum_Elements.csproj", "{E58E7AB4-1705-464C-BE35-4D7367EBACF4}"
EndProject
Project("{FAE04EC0-301F-11D3-BF4B-00C04F79EFBC}") = "P04_Basic_Queue_Operations", "P04_Basic_Queue_Operations\P04_Basic_Queue_Operations.csproj", "{484D3D5F-35AF-407A-BD52-988B4552FBDE}"
EndProject
Project("{FAE04EC0-301F-11D3-BF4B-00C04F79EFBC}") = "P05_Calculate_Sequence", "P05_Calculate_Sequence\P05_Calculate_Sequence.csproj", "{3DAC4A1C-1ABA-4D38-976C-49767969A909}"
EndProject
Project("{FAE04EC0-301F-11D3-BF4B-00C04F79EFBC}") = "P06_Truck_Tour", "P06_Truck_Tour\P06_Truck_Tour.csproj", "{82D4BF2F-8A88-4E08-AA61-D9F6E7510749}"
EndProject
Project("{FAE04EC0-301F-11D3-BF4B-00C04F79EFBC}") = "P07_Balanced_Parantheses", "P07_Balanced_Parantheses\P07_Balanced_Parantheses.csproj", "{32A609E9-83D3-4EC7-801B-EB9665913A35}"
EndProject
Project("{FAE04EC0-301F-11D3-BF4B-00C04F79EFBC}") = "P08_Stack_Fibonacci", "P08_Stack_Fibonacci\P08_Stack_Fibonacci.csproj", "{863A8B93-DAED-40AD-AACC-BC7FC004469D}"
EndProject
Project("{FAE04EC0-301F-11D3-BF4B-00C04F79EFBC}") = "P09_Simple_Text_Editor", "P09_Simple_Text_Editor\P09_Simple_Text_Editor.csproj", "{ABAEA0AF-225D-4A04-85CD-624A39AE9611}"
EndProject
Project("{FAE04EC0-301F-11D3-BF4B-00C04F79EFBC}") = "P10_Poisonous_Plants", "P10_Poisonous_Plants\P10_Poisonous_Plants.csproj", "{3B6860A9-4561-4F86-9C7B-EE4EF7629383}"
EndProject
Global
	GlobalSection(SolutionConfigurationPlatforms) = preSolution
		Debug|Any CPU = Debug|Any CPU
		Release|Any CPU = Release|Any CPU
	EndGlobalSection
	GlobalSection(ProjectConfigurationPlatforms) = postSolution
		{39D3EAAF-D7CF-48C2-A29F-56B05679518D}.Debug|Any CPU.ActiveCfg = Debug|Any CPU
		{39D3EAAF-D7CF-48C2-A29F-56B05679518D}.Debug|Any CPU.Build.0 = Debug|Any CPU
		{39D3EAAF-D7CF-48C2-A29F-56B05679518D}.Release|Any CPU.ActiveCfg = Release|Any CPU
		{39D3EAAF-D7CF-48C2-A29F-56B05679518D}.Release|Any CPU.Build.0 = Release|Any CPU
		{F2AD1DE5-449A-46CC-92CB-D3A78855184A}.Debug|Any CPU.ActiveCfg = Debug|Any CPU
		{F2AD1DE5-449A-46CC-92CB-D3A78855184A}.Debug|Any CPU.Build.0 = Debug|Any CPU
		{F2AD1DE5-449A-46CC-92CB-D3A78855184A}.Release|Any CPU.ActiveCfg = Release|Any CPU
		{F2AD1DE5-449A-46CC-92CB-D3A78855184A}.Release|Any CPU.Build.0 = Release|Any CPU
		{F915B83E-C4A6-4713-9E6A-1FD83BFD0A94}.Debug|Any CPU.ActiveCfg = Debug|Any CPU
		{F915B83E-C4A6-4713-9E6A-1FD83BFD0A94}.Debug|Any CPU.Build.0 = Debug|Any CPU
		{F915B83E-C4A6-4713-9E6A-1FD83BFD0A94}.Release|Any CPU.ActiveCfg = Release|Any CPU
		{F915B83E-C4A6-4713-9E6A-1FD83BFD0A94}.Release|Any CPU.Build.0 = Release|Any CPU
		{A24A3320-2576-4FD7-BF28-799FEDBF209E}.Debug|Any CPU.ActiveCfg = Debug|Any CPU
		{A24A3320-2576-4FD7-BF28-799FEDBF209E}.Debug|Any CPU.Build.0 = Debug|Any CPU
		{A24A3320-2576-4FD7-BF28-799FEDBF209E}.Release|Any CPU.ActiveCfg = Release|Any CPU
		{A24A3320-2576-4FD7-BF28-799FEDBF209E}.Release|Any CPU.Build.0 = Release|Any CPU
		{00973F73-C07F-4823-A324-4C8645E83D3D}.Debug|Any CPU.ActiveCfg = Debug|Any CPU
		{00973F73-C07F-4823-A324-4C8645E83D3D}.Debug|Any CPU.Build.0 = Debug|Any CPU
		{00973F73-C07F-4823-A324-4C8645E83D3D}.Release|Any CPU.ActiveCfg = Release|Any CPU
		{00973F73-C07F-4823-A324-4C8645E83D3D}.Release|Any CPU.Build.0 = Release|Any CPU
		{EB377138-DE3E-490C-8E9D-C59870CD3A36}.Debug|Any CPU.ActiveCfg = Debug|Any CPU
		{EB377138-DE3E-490C-8E9D-C59870CD3A36}.Debug|Any CPU.Build.0 = Debug|Any CPU
		{EB377138-DE3E-490C-8E9D-C59870CD3A36}.Release|Any CPU.ActiveCfg = Release|Any CPU
		{EB377138-DE3E-490C-8E9D-C59870CD3A36}.Release|Any CPU.Build.0 = Release|Any CPU
		{43D6AA8A-914F-4A3D-9948-98C6E7158723}.Debug|Any CPU.ActiveCfg = Debug|Any CPU
		{43D6AA8A-914F-4A3D-9948-98C6E7158723}.Debug|Any CPU.Build.0 = Debug|Any CPU
		{43D6AA8A-914F-4A3D-9948-98C6E7158723}.Release|Any CPU.ActiveCfg = Release|Any CPU
		{43D6AA8A-914F-4A3D-9948-98C6E7158723}.Release|Any CPU.Build.0 = Release|Any CPU
		{7BFC3ABD-92BA-473D-BE7B-386BFDA00F57}.Debug|Any CPU.ActiveCfg = Debug|Any CPU
		{7BFC3ABD-92BA-473D-BE7B-386BFDA00F57}.Debug|Any CPU.Build.0 = Debug|Any CPU
		{7BFC3ABD-92BA-473D-BE7B-386BFDA00F57}.Release|Any CPU.ActiveCfg = Release|Any CPU
		{7BFC3ABD-92BA-473D-BE7B-386BFDA00F57}.Release|Any CPU.Build.0 = Release|Any CPU
		{E58E7AB4-1705-464C-BE35-4D7367EBACF4}.Debug|Any CPU.ActiveCfg = Debug|Any CPU
		{E58E7AB4-1705-464C-BE35-4D7367EBACF4}.Debug|Any CPU.Build.0 = Debug|Any CPU
		{E58E7AB4-1705-464C-BE35-4D7367EBACF4}.Release|Any CPU.ActiveCfg = Release|Any CPU
		{E58E7AB4-1705-464C-BE35-4D7367EBACF4}.Release|Any CPU.Build.0 = Release|Any CPU
		{484D3D5F-35AF-407A-BD52-988B4552FBDE}.Debug|Any CPU.ActiveCfg = Debug|Any CPU
		{484D3D5F-35AF-407A-BD52-988B4552FBDE}.Debug|Any CPU.Build.0 = Debug|Any CPU
		{484D3D5F-35AF-407A-BD52-988B4552FBDE}.Release|Any CPU.ActiveCfg = Release|Any CPU
		{484D3D5F-35AF-407A-BD52-988B4552FBDE}.Release|Any CPU.Build.0 = Release|Any CPU
		{3DAC4A1C-1ABA-4D38-976C-49767969A909}.Debug|Any CPU.ActiveCfg = Debug|Any CPU
		{3DAC4A1C-1ABA-4D38-976C-49767969A909}.Debug|Any CPU.Build.0 = Debug|Any CPU
		{3DAC4A1C-1ABA-4D38-976C-49767969A909}.Release|Any CPU.ActiveCfg = Release|Any CPU
		{3DAC4A1C-1ABA-4D38-976C-49767969A909}.Release|Any CPU.Build.0 = Release|Any CPU
		{82D4BF2F-8A88-4E08-AA61-D9F6E7510749}.Debug|Any CPU.ActiveCfg = Debug|Any CPU
		{82D4BF2F-8A88-4E08-AA61-D9F6E7510749}.Debug|Any CPU.Build.0 = Debug|Any CPU
		{82D4BF2F-8A88-4E08-AA61-D9F6E7510749}.Release|Any CPU.ActiveCfg = Release|Any CPU
		{82D4BF2F-8A88-4E08-AA61-D9F6E7510749}.Release|Any CPU.Build.0 = Release|Any CPU
		{32A609E9-83D3-4EC7-801B-EB9665913A35}.Debug|Any CPU.ActiveCfg = Debug|Any CPU
		{32A609E9-83D3-4EC7-801B-EB9665913A35}.Debug|Any CPU.Build.0 = Debug|Any CPU
		{32A609E9-83D3-4EC7-801B-EB9665913A35}.Release|Any CPU.ActiveCfg = Release|Any CPU
		{32A609E9-83D3-4EC7-801B-EB9665913A35}.Release|Any CPU.Build.0 = Release|Any CPU
		{863A8B93-DAED-40AD-AACC-BC7FC004469D}.Debug|Any CPU.ActiveCfg = Debug|Any CPU
		{863A8B93-DAED-40AD-AACC-BC7FC004469D}.Debug|Any CPU.Build.0 = Debug|Any CPU
		{863A8B93-DAED-40AD-AACC-BC7FC004469D}.Release|Any CPU.ActiveCfg = Release|Any CPU
		{863A8B93-DAED-40AD-AACC-BC7FC004469D}.Release|Any CPU.Build.0 = Release|Any CPU
		{ABAEA0AF-225D-4A04-85CD-624A39AE9611}.Debug|Any CPU.ActiveCfg = Debug|Any CPU
		{ABAEA0AF-225D-4A04-85CD-624A39AE9611}.Debug|Any CPU.Build.0 = Debug|Any CPU
		{ABAEA0AF-225D-4A04-85CD-624A39AE9611}.Release|Any CPU.ActiveCfg = Release|Any CPU
		{ABAEA0AF-225D-4A04-85CD-624A39AE9611}.Release|Any CPU.Build.0 = Release|Any CPU
		{3B6860A9-4561-4F86-9C7B-EE4EF7629383}.Debug|Any CPU.ActiveCfg = Debug|Any CPU
		{3B6860A9-4561-4F86-9C7B-EE4EF7629383}.Debug|Any CPU.Build.0 = Debug|Any CPU
		{3B6860A9-4561-4F86-9C7B-EE4EF7629383}.Release|Any CPU.ActiveCfg = Release|Any CPU
		{3B6860A9-4561-4F86-9C7B-EE4EF7629383}.Release|Any CPU.Build.0 = Release|Any CPU
	EndGlobalSection
	GlobalSection(SolutionProperties) = preSolution
		HideSolutionNode = FALSE
	EndGlobalSection
	GlobalSection(NestedProjects) = preSolution
		{39D3EAAF-D7CF-48C2-A29F-56B05679518D} = {A62E3717-6358-4E18-823E-9B4F2E7A2351}
		{F2AD1DE5-449A-46CC-92CB-D3A78855184A} = {A62E3717-6358-4E18-823E-9B4F2E7A2351}
		{F915B83E-C4A6-4713-9E6A-1FD83BFD0A94} = {A62E3717-6358-4E18-823E-9B4F2E7A2351}
		{A24A3320-2576-4FD7-BF28-799FEDBF209E} = {A62E3717-6358-4E18-823E-9B4F2E7A2351}
		{00973F73-C07F-4823-A324-4C8645E83D3D} = {A62E3717-6358-4E18-823E-9B4F2E7A2351}
		{EB377138-DE3E-490C-8E9D-C59870CD3A36} = {A62E3717-6358-4E18-823E-9B4F2E7A2351}
		{43D6AA8A-914F-4A3D-9948-98C6E7158723} = {C6025511-AE30-43F3-B186-3D6679A85671}
		{7BFC3ABD-92BA-473D-BE7B-386BFDA00F57} = {C6025511-AE30-43F3-B186-3D6679A85671}
		{E58E7AB4-1705-464C-BE35-4D7367EBACF4} = {C6025511-AE30-43F3-B186-3D6679A85671}
		{484D3D5F-35AF-407A-BD52-988B4552FBDE} = {C6025511-AE30-43F3-B186-3D6679A85671}
		{3DAC4A1C-1ABA-4D38-976C-49767969A909} = {C6025511-AE30-43F3-B186-3D6679A85671}
		{82D4BF2F-8A88-4E08-AA61-D9F6E7510749} = {C6025511-AE30-43F3-B186-3D6679A85671}
		{32A609E9-83D3-4EC7-801B-EB9665913A35} = {C6025511-AE30-43F3-B186-3D6679A85671}
		{863A8B93-DAED-40AD-AACC-BC7FC004469D} = {C6025511-AE30-43F3-B186-3D6679A85671}
		{ABAEA0AF-225D-4A04-85CD-624A39AE9611} = {C6025511-AE30-43F3-B186-3D6679A85671}
		{3B6860A9-4561-4F86-9C7B-EE4EF7629383} = {C6025511-AE30-43F3-B186-3D6679A85671}
	EndGlobalSection
	GlobalSection(ExtensibilityGlobals) = postSolution
		SolutionGuid = {24E12E1C-393C-4926-8AA6-89470E556F76}
	EndGlobalSection
EndGlobal
