
Microsoft Visual Studio Solution File, Format Version 12.00
# Visual Studio 15
VisualStudioVersion = 15.0.28307.168
MinimumVisualStudioVersion = 10.0.40219.1
Project("{2150E333-8FDC-42A3-9474-1A3956D46DE8}") = "Labs", "Labs", "{28189637-0768-474D-A895-6F07D7ABC319}"
EndProject
Project("{9A19103F-16F7-4668-BE54-9A1E7A4F7556}") = "L02_Average_Student_Grades", "L02_Average_Student_Grades\L02_Average_Student_Grades.csproj", "{E1841F09-028E-4B6C-9731-3EC66ECA6563}"
EndProject
Project("{9A19103F-16F7-4668-BE54-9A1E7A4F7556}") = "L03_Product_Shop", "L03_Product_Shop\L03_Product_Shop.csproj", "{D2D5491A-313D-4132-9019-3AD524BD28D1}"
EndProject
Project("{9A19103F-16F7-4668-BE54-9A1E7A4F7556}") = "L04_Cities_By_Continent_And_Country", "L04_Cities_By_Continent_And_Country\L04_Cities_By_Continent_And_Country.csproj", "{47F279D2-0AD8-421C-9AB2-7BCA1F373279}"
EndProject
Project("{9A19103F-16F7-4668-BE54-9A1E7A4F7556}") = "L05_Record_Unique_Names", "L05_Record_Unique_Names\L05_Record_Unique_Names.csproj", "{3AB500E1-B142-4406-BE22-B107D9909D95}"
EndProject
Project("{9A19103F-16F7-4668-BE54-9A1E7A4F7556}") = "L06_Parking_Lot", "L06_Parking_Lot\L06_Parking_Lot.csproj", "{CA3FC16D-B809-4EB6-A3F7-911E10A2C9EC}"
EndProject
Project("{9A19103F-16F7-4668-BE54-9A1E7A4F7556}") = "L07_SoftUni_Party", "L07_SoftUni_Party\L07_SoftUni_Party.csproj", "{E9A8E2ED-2E68-4CE2-B8AB-67FFC4B2C1E0}"
EndProject
Project("{9A19103F-16F7-4668-BE54-9A1E7A4F7556}") = "L01_Count_Same_Values", "L01_Count_Same_Values\L01_Count_Same_Values.csproj", "{327C0154-F855-4177-9093-AEA6B08F7184}"
EndProject
Project("{2150E333-8FDC-42A3-9474-1A3956D46DE8}") = "Exercises", "Exercises", "{DE2AFEA4-879E-4FE4-A4C4-DC6F093E3991}"
EndProject
Project("{9A19103F-16F7-4668-BE54-9A1E7A4F7556}") = "P01_Unique_Usernames", "P01_Unique_Usernames\P01_Unique_Usernames.csproj", "{BC7F607F-6C4E-4899-8203-61640F209B9C}"
EndProject
Project("{9A19103F-16F7-4668-BE54-9A1E7A4F7556}") = "P02_Sets_Of_Elements", "P02_Sets_Of_Elements\P02_Sets_Of_Elements.csproj", "{05B2DCC7-A24D-40B6-8144-4642D31F2E79}"
EndProject
Project("{9A19103F-16F7-4668-BE54-9A1E7A4F7556}") = "P03_Periodic_Table", "P03_Periodic_Table\P03_Periodic_Table.csproj", "{E2A2A310-EC2F-4147-86B9-9F5CE49875D6}"
EndProject
Project("{9A19103F-16F7-4668-BE54-9A1E7A4F7556}") = "P04_Even_Times", "P04_Even_Times\P04_Even_Times.csproj", "{4B86C558-EA23-44F2-8BBB-FAA946D3DABF}"
EndProject
Project("{9A19103F-16F7-4668-BE54-9A1E7A4F7556}") = "P05_Count_Symbols", "P05_Count_Symbols\P05_Count_Symbols.csproj", "{D760028E-4572-4320-B652-4825F5D3166A}"
EndProject
Project("{9A19103F-16F7-4668-BE54-9A1E7A4F7556}") = "P06_Wardrobe", "P06_Wardrobe\P06_Wardrobe.csproj", "{59377CC3-6B80-4981-9F68-E4245DA626D7}"
EndProject
Project("{9A19103F-16F7-4668-BE54-9A1E7A4F7556}") = "P07_The_V_Logger", "P07_The_V_Logger\P07_The_V_Logger.csproj", "{87A795D4-D0E4-4001-9036-4F0B28DB1A81}"
EndProject
Project("{FAE04EC0-301F-11D3-BF4B-00C04F79EFBC}") = "P08_Ranking", "P08_Ranking\P08_Ranking.csproj", "{3969609E-2979-4F31-9078-36E7EB5673FE}"
EndProject
Global
	GlobalSection(SolutionConfigurationPlatforms) = preSolution
		Debug|Any CPU = Debug|Any CPU
		Release|Any CPU = Release|Any CPU
	EndGlobalSection
	GlobalSection(ProjectConfigurationPlatforms) = postSolution
		{E1841F09-028E-4B6C-9731-3EC66ECA6563}.Debug|Any CPU.ActiveCfg = Debug|Any CPU
		{E1841F09-028E-4B6C-9731-3EC66ECA6563}.Debug|Any CPU.Build.0 = Debug|Any CPU
		{E1841F09-028E-4B6C-9731-3EC66ECA6563}.Release|Any CPU.ActiveCfg = Release|Any CPU
		{E1841F09-028E-4B6C-9731-3EC66ECA6563}.Release|Any CPU.Build.0 = Release|Any CPU
		{D2D5491A-313D-4132-9019-3AD524BD28D1}.Debug|Any CPU.ActiveCfg = Debug|Any CPU
		{D2D5491A-313D-4132-9019-3AD524BD28D1}.Debug|Any CPU.Build.0 = Debug|Any CPU
		{D2D5491A-313D-4132-9019-3AD524BD28D1}.Release|Any CPU.ActiveCfg = Release|Any CPU
		{D2D5491A-313D-4132-9019-3AD524BD28D1}.Release|Any CPU.Build.0 = Release|Any CPU
		{47F279D2-0AD8-421C-9AB2-7BCA1F373279}.Debug|Any CPU.ActiveCfg = Debug|Any CPU
		{47F279D2-0AD8-421C-9AB2-7BCA1F373279}.Debug|Any CPU.Build.0 = Debug|Any CPU
		{47F279D2-0AD8-421C-9AB2-7BCA1F373279}.Release|Any CPU.ActiveCfg = Release|Any CPU
		{47F279D2-0AD8-421C-9AB2-7BCA1F373279}.Release|Any CPU.Build.0 = Release|Any CPU
		{3AB500E1-B142-4406-BE22-B107D9909D95}.Debug|Any CPU.ActiveCfg = Debug|Any CPU
		{3AB500E1-B142-4406-BE22-B107D9909D95}.Debug|Any CPU.Build.0 = Debug|Any CPU
		{3AB500E1-B142-4406-BE22-B107D9909D95}.Release|Any CPU.ActiveCfg = Release|Any CPU
		{3AB500E1-B142-4406-BE22-B107D9909D95}.Release|Any CPU.Build.0 = Release|Any CPU
		{CA3FC16D-B809-4EB6-A3F7-911E10A2C9EC}.Debug|Any CPU.ActiveCfg = Debug|Any CPU
		{CA3FC16D-B809-4EB6-A3F7-911E10A2C9EC}.Debug|Any CPU.Build.0 = Debug|Any CPU
		{CA3FC16D-B809-4EB6-A3F7-911E10A2C9EC}.Release|Any CPU.ActiveCfg = Release|Any CPU
		{CA3FC16D-B809-4EB6-A3F7-911E10A2C9EC}.Release|Any CPU.Build.0 = Release|Any CPU
		{E9A8E2ED-2E68-4CE2-B8AB-67FFC4B2C1E0}.Debug|Any CPU.ActiveCfg = Debug|Any CPU
		{E9A8E2ED-2E68-4CE2-B8AB-67FFC4B2C1E0}.Debug|Any CPU.Build.0 = Debug|Any CPU
		{E9A8E2ED-2E68-4CE2-B8AB-67FFC4B2C1E0}.Release|Any CPU.ActiveCfg = Release|Any CPU
		{E9A8E2ED-2E68-4CE2-B8AB-67FFC4B2C1E0}.Release|Any CPU.Build.0 = Release|Any CPU
		{327C0154-F855-4177-9093-AEA6B08F7184}.Debug|Any CPU.ActiveCfg = Debug|Any CPU
		{327C0154-F855-4177-9093-AEA6B08F7184}.Debug|Any CPU.Build.0 = Debug|Any CPU
		{327C0154-F855-4177-9093-AEA6B08F7184}.Release|Any CPU.ActiveCfg = Release|Any CPU
		{327C0154-F855-4177-9093-AEA6B08F7184}.Release|Any CPU.Build.0 = Release|Any CPU
		{BC7F607F-6C4E-4899-8203-61640F209B9C}.Debug|Any CPU.ActiveCfg = Debug|Any CPU
		{BC7F607F-6C4E-4899-8203-61640F209B9C}.Debug|Any CPU.Build.0 = Debug|Any CPU
		{BC7F607F-6C4E-4899-8203-61640F209B9C}.Release|Any CPU.ActiveCfg = Release|Any CPU
		{BC7F607F-6C4E-4899-8203-61640F209B9C}.Release|Any CPU.Build.0 = Release|Any CPU
		{05B2DCC7-A24D-40B6-8144-4642D31F2E79}.Debug|Any CPU.ActiveCfg = Debug|Any CPU
		{05B2DCC7-A24D-40B6-8144-4642D31F2E79}.Debug|Any CPU.Build.0 = Debug|Any CPU
		{05B2DCC7-A24D-40B6-8144-4642D31F2E79}.Release|Any CPU.ActiveCfg = Release|Any CPU
		{05B2DCC7-A24D-40B6-8144-4642D31F2E79}.Release|Any CPU.Build.0 = Release|Any CPU
		{E2A2A310-EC2F-4147-86B9-9F5CE49875D6}.Debug|Any CPU.ActiveCfg = Debug|Any CPU
		{E2A2A310-EC2F-4147-86B9-9F5CE49875D6}.Debug|Any CPU.Build.0 = Debug|Any CPU
		{E2A2A310-EC2F-4147-86B9-9F5CE49875D6}.Release|Any CPU.ActiveCfg = Release|Any CPU
		{E2A2A310-EC2F-4147-86B9-9F5CE49875D6}.Release|Any CPU.Build.0 = Release|Any CPU
		{4B86C558-EA23-44F2-8BBB-FAA946D3DABF}.Debug|Any CPU.ActiveCfg = Debug|Any CPU
		{4B86C558-EA23-44F2-8BBB-FAA946D3DABF}.Debug|Any CPU.Build.0 = Debug|Any CPU
		{4B86C558-EA23-44F2-8BBB-FAA946D3DABF}.Release|Any CPU.ActiveCfg = Release|Any CPU
		{4B86C558-EA23-44F2-8BBB-FAA946D3DABF}.Release|Any CPU.Build.0 = Release|Any CPU
		{D760028E-4572-4320-B652-4825F5D3166A}.Debug|Any CPU.ActiveCfg = Debug|Any CPU
		{D760028E-4572-4320-B652-4825F5D3166A}.Debug|Any CPU.Build.0 = Debug|Any CPU
		{D760028E-4572-4320-B652-4825F5D3166A}.Release|Any CPU.ActiveCfg = Release|Any CPU
		{D760028E-4572-4320-B652-4825F5D3166A}.Release|Any CPU.Build.0 = Release|Any CPU
		{59377CC3-6B80-4981-9F68-E4245DA626D7}.Debug|Any CPU.ActiveCfg = Debug|Any CPU
		{59377CC3-6B80-4981-9F68-E4245DA626D7}.Debug|Any CPU.Build.0 = Debug|Any CPU
		{59377CC3-6B80-4981-9F68-E4245DA626D7}.Release|Any CPU.ActiveCfg = Release|Any CPU
		{59377CC3-6B80-4981-9F68-E4245DA626D7}.Release|Any CPU.Build.0 = Release|Any CPU
		{87A795D4-D0E4-4001-9036-4F0B28DB1A81}.Debug|Any CPU.ActiveCfg = Debug|Any CPU
		{87A795D4-D0E4-4001-9036-4F0B28DB1A81}.Debug|Any CPU.Build.0 = Debug|Any CPU
		{87A795D4-D0E4-4001-9036-4F0B28DB1A81}.Release|Any CPU.ActiveCfg = Release|Any CPU
		{87A795D4-D0E4-4001-9036-4F0B28DB1A81}.Release|Any CPU.Build.0 = Release|Any CPU
		{3969609E-2979-4F31-9078-36E7EB5673FE}.Debug|Any CPU.ActiveCfg = Debug|Any CPU
		{3969609E-2979-4F31-9078-36E7EB5673FE}.Debug|Any CPU.Build.0 = Debug|Any CPU
		{3969609E-2979-4F31-9078-36E7EB5673FE}.Release|Any CPU.ActiveCfg = Release|Any CPU
		{3969609E-2979-4F31-9078-36E7EB5673FE}.Release|Any CPU.Build.0 = Release|Any CPU
	EndGlobalSection
	GlobalSection(SolutionProperties) = preSolution
		HideSolutionNode = FALSE
	EndGlobalSection
	GlobalSection(NestedProjects) = preSolution
		{E1841F09-028E-4B6C-9731-3EC66ECA6563} = {28189637-0768-474D-A895-6F07D7ABC319}
		{D2D5491A-313D-4132-9019-3AD524BD28D1} = {28189637-0768-474D-A895-6F07D7ABC319}
		{47F279D2-0AD8-421C-9AB2-7BCA1F373279} = {28189637-0768-474D-A895-6F07D7ABC319}
		{3AB500E1-B142-4406-BE22-B107D9909D95} = {28189637-0768-474D-A895-6F07D7ABC319}
		{CA3FC16D-B809-4EB6-A3F7-911E10A2C9EC} = {28189637-0768-474D-A895-6F07D7ABC319}
		{E9A8E2ED-2E68-4CE2-B8AB-67FFC4B2C1E0} = {28189637-0768-474D-A895-6F07D7ABC319}
		{327C0154-F855-4177-9093-AEA6B08F7184} = {28189637-0768-474D-A895-6F07D7ABC319}
		{BC7F607F-6C4E-4899-8203-61640F209B9C} = {DE2AFEA4-879E-4FE4-A4C4-DC6F093E3991}
		{05B2DCC7-A24D-40B6-8144-4642D31F2E79} = {DE2AFEA4-879E-4FE4-A4C4-DC6F093E3991}
		{E2A2A310-EC2F-4147-86B9-9F5CE49875D6} = {DE2AFEA4-879E-4FE4-A4C4-DC6F093E3991}
		{4B86C558-EA23-44F2-8BBB-FAA946D3DABF} = {DE2AFEA4-879E-4FE4-A4C4-DC6F093E3991}
		{D760028E-4572-4320-B652-4825F5D3166A} = {DE2AFEA4-879E-4FE4-A4C4-DC6F093E3991}
		{59377CC3-6B80-4981-9F68-E4245DA626D7} = {DE2AFEA4-879E-4FE4-A4C4-DC6F093E3991}
		{87A795D4-D0E4-4001-9036-4F0B28DB1A81} = {DE2AFEA4-879E-4FE4-A4C4-DC6F093E3991}
		{3969609E-2979-4F31-9078-36E7EB5673FE} = {DE2AFEA4-879E-4FE4-A4C4-DC6F093E3991}
	EndGlobalSection
	GlobalSection(ExtensibilityGlobals) = postSolution
		SolutionGuid = {E52AB888-BB69-4434-A3AA-07A439D9E23C}
	EndGlobalSection
EndGlobal
