
Microsoft Visual Studio Solution File, Format Version 12.00
# Visual Studio 15
VisualStudioVersion = 15.0.28307.271
MinimumVisualStudioVersion = 10.0.40219.1
Project("{FAE04EC0-301F-11D3-BF4B-00C04F79EFBC}") = "01_Data_Transfer", "01_Data_Transfer\01_Data_Transfer.csproj", "{BE429016-BDEF-43F1-B579-103EE6B24D55}"
EndProject
Project("{FAE04EC0-301F-11D3-BF4B-00C04F79EFBC}") = "02_Tagram", "02_Tagram\02_Tagram.csproj", "{03C0CD50-D77F-4D8C-844E-86C8472BEC1E}"
EndProject
Project("{FAE04EC0-301F-11D3-BF4B-00C04F79EFBC}") = "03_Miner", "03_Miner\03_Miner.csproj", "{944D4E75-8580-4715-8A9A-B6DF0A21C7A8}"
EndProject
Project("{FAE04EC0-301F-11D3-BF4B-00C04F79EFBC}") = "04_Cups_And_Bottles", "04_Cups_And_Bottles\04_Cups_And_Bottles.csproj", "{28941B73-6CF7-42BC-96C9-BA91C3F7107B}"
EndProject
Global
	GlobalSection(SolutionConfigurationPlatforms) = preSolution
		Debug|Any CPU = Debug|Any CPU
		Release|Any CPU = Release|Any CPU
	EndGlobalSection
	GlobalSection(ProjectConfigurationPlatforms) = postSolution
		{BE429016-BDEF-43F1-B579-103EE6B24D55}.Debug|Any CPU.ActiveCfg = Debug|Any CPU
		{BE429016-BDEF-43F1-B579-103EE6B24D55}.Debug|Any CPU.Build.0 = Debug|Any CPU
		{BE429016-BDEF-43F1-B579-103EE6B24D55}.Release|Any CPU.ActiveCfg = Release|Any CPU
		{BE429016-BDEF-43F1-B579-103EE6B24D55}.Release|Any CPU.Build.0 = Release|Any CPU
		{03C0CD50-D77F-4D8C-844E-86C8472BEC1E}.Debug|Any CPU.ActiveCfg = Debug|Any CPU
		{03C0CD50-D77F-4D8C-844E-86C8472BEC1E}.Debug|Any CPU.Build.0 = Debug|Any CPU
		{03C0CD50-D77F-4D8C-844E-86C8472BEC1E}.Release|Any CPU.ActiveCfg = Release|Any CPU
		{03C0CD50-D77F-4D8C-844E-86C8472BEC1E}.Release|Any CPU.Build.0 = Release|Any CPU
		{944D4E75-8580-4715-8A9A-B6DF0A21C7A8}.Debug|Any CPU.ActiveCfg = Debug|Any CPU
		{944D4E75-8580-4715-8A9A-B6DF0A21C7A8}.Debug|Any CPU.Build.0 = Debug|Any CPU
		{944D4E75-8580-4715-8A9A-B6DF0A21C7A8}.Release|Any CPU.ActiveCfg = Release|Any CPU
		{944D4E75-8580-4715-8A9A-B6DF0A21C7A8}.Release|Any CPU.Build.0 = Release|Any CPU
		{28941B73-6CF7-42BC-96C9-BA91C3F7107B}.Debug|Any CPU.ActiveCfg = Debug|Any CPU
		{28941B73-6CF7-42BC-96C9-BA91C3F7107B}.Debug|Any CPU.Build.0 = Debug|Any CPU
		{28941B73-6CF7-42BC-96C9-BA91C3F7107B}.Release|Any CPU.ActiveCfg = Release|Any CPU
		{28941B73-6CF7-42BC-96C9-BA91C3F7107B}.Release|Any CPU.Build.0 = Release|Any CPU
	EndGlobalSection
	GlobalSection(SolutionProperties) = preSolution
		HideSolutionNode = FALSE
	EndGlobalSection
	GlobalSection(ExtensibilityGlobals) = postSolution
		SolutionGuid = {FB2524BB-7C0C-44A4-A7C4-9616218D9E11}
	EndGlobalSection
EndGlobal
